
Microsoft Visual Studio Solution File, Format Version 12.00
Project("{2150E333-8FDC-42A3-9474-1A3956D46DE8}") = "src", "src", "{57CAC41A-940D-420F-93C5-EFB9F0FF271F}"
EndProject
Project("{2150E333-8FDC-42A3-9474-1A3956D46DE8}") = "tests", "tests", "{0B434907-CABC-47E8-A867-5192CFB2A914}"
EndProject
Project("{FAE04EC0-301F-11D3-BF4B-00C04F79EFBC}") = "Bookify.Domain", "src\Bookify.Domain\Bookify.Domain.csproj", "{0B8197D6-ADE2-49A2-AB83-2668009C5F90}"
EndProject
Project("{FAE04EC0-301F-11D3-BF4B-00C04F79EFBC}") = "Bookify.Application", "src\Bookify.Application\Bookify.Application.csproj", "{10B52B5B-6F74-4545-AB4D-2B44C1EA96B7}"
EndProject
Project("{FAE04EC0-301F-11D3-BF4B-00C04F79EFBC}") = "Bookify.Infrastructure", "src\Bookify.Infrastructure\Bookify.Infrastructure.csproj", "{9270DA7A-C422-4A0C-8145-2F3A865F4ACE}"
EndProject
Project("{FAE04EC0-301F-11D3-BF4B-00C04F79EFBC}") = "Bookify.Api", "src\Bookify.Api\Bookify.Api.csproj", "{7F60B5A0-0271-4452-89C9-FD38EF466555}"
EndProject
Project("{FAE04EC0-301F-11D3-BF4B-00C04F79EFBC}") = "docker-compose", "docker-compose.dcproj", "{ADD5AF21-A432-4B22-BA2A-479AE85F98FC}"
EndProject
Project("{FAE04EC0-301F-11D3-BF4B-00C04F79EFBC}") = "Bookify.Domain.Tests", "tests\Bookify.Domain.Tests\Bookify.Domain.Tests.csproj", "{FE5900BF-D8C1-4BAA-9B3F-A00ADD8FE791}"
EndProject
Project("{FAE04EC0-301F-11D3-BF4B-00C04F79EFBC}") = "Bookify.Application.UnitTests", "tests\Bookify.Application.UnitTests\Bookify.Application.UnitTests.csproj", "{70C11C57-0DDD-4BDE-900C-7FF7212FAE66}"
EndProject
Project("{FAE04EC0-301F-11D3-BF4B-00C04F79EFBC}") = "Bookify.Application.IntegrationTests", "tests\Bookify.Application.IntegrationTests\Bookify.Application.IntegrationTests.csproj", "{3BFFC0F0-EE45-49D0-9816-AAA9924278F5}"
EndProject
Global
	GlobalSection(SolutionConfigurationPlatforms) = preSolution
		Debug|Any CPU = Debug|Any CPU
		Release|Any CPU = Release|Any CPU
	EndGlobalSection
	GlobalSection(NestedProjects) = preSolution
		{0B8197D6-ADE2-49A2-AB83-2668009C5F90} = {57CAC41A-940D-420F-93C5-EFB9F0FF271F}
		{10B52B5B-6F74-4545-AB4D-2B44C1EA96B7} = {57CAC41A-940D-420F-93C5-EFB9F0FF271F}
		{9270DA7A-C422-4A0C-8145-2F3A865F4ACE} = {57CAC41A-940D-420F-93C5-EFB9F0FF271F}
		{7F60B5A0-0271-4452-89C9-FD38EF466555} = {57CAC41A-940D-420F-93C5-EFB9F0FF271F}
		{FE5900BF-D8C1-4BAA-9B3F-A00ADD8FE791} = {0B434907-CABC-47E8-A867-5192CFB2A914}
		{70C11C57-0DDD-4BDE-900C-7FF7212FAE66} = {0B434907-CABC-47E8-A867-5192CFB2A914}
		{3BFFC0F0-EE45-49D0-9816-AAA9924278F5} = {0B434907-CABC-47E8-A867-5192CFB2A914}
	EndGlobalSection
	GlobalSection(ProjectConfigurationPlatforms) = postSolution
		{0B8197D6-ADE2-49A2-AB83-2668009C5F90}.Debug|Any CPU.ActiveCfg = Debug|Any CPU
		{0B8197D6-ADE2-49A2-AB83-2668009C5F90}.Debug|Any CPU.Build.0 = Debug|Any CPU
		{0B8197D6-ADE2-49A2-AB83-2668009C5F90}.Release|Any CPU.ActiveCfg = Release|Any CPU
		{0B8197D6-ADE2-49A2-AB83-2668009C5F90}.Release|Any CPU.Build.0 = Release|Any CPU
		{10B52B5B-6F74-4545-AB4D-2B44C1EA96B7}.Debug|Any CPU.ActiveCfg = Debug|Any CPU
		{10B52B5B-6F74-4545-AB4D-2B44C1EA96B7}.Debug|Any CPU.Build.0 = Debug|Any CPU
		{10B52B5B-6F74-4545-AB4D-2B44C1EA96B7}.Release|Any CPU.ActiveCfg = Release|Any CPU
		{10B52B5B-6F74-4545-AB4D-2B44C1EA96B7}.Release|Any CPU.Build.0 = Release|Any CPU
		{9270DA7A-C422-4A0C-8145-2F3A865F4ACE}.Debug|Any CPU.ActiveCfg = Debug|Any CPU
		{9270DA7A-C422-4A0C-8145-2F3A865F4ACE}.Debug|Any CPU.Build.0 = Debug|Any CPU
		{9270DA7A-C422-4A0C-8145-2F3A865F4ACE}.Release|Any CPU.ActiveCfg = Release|Any CPU
		{9270DA7A-C422-4A0C-8145-2F3A865F4ACE}.Release|Any CPU.Build.0 = Release|Any CPU
		{7F60B5A0-0271-4452-89C9-FD38EF466555}.Debug|Any CPU.ActiveCfg = Debug|Any CPU
		{7F60B5A0-0271-4452-89C9-FD38EF466555}.Debug|Any CPU.Build.0 = Debug|Any CPU
		{7F60B5A0-0271-4452-89C9-FD38EF466555}.Release|Any CPU.ActiveCfg = Release|Any CPU
		{7F60B5A0-0271-4452-89C9-FD38EF466555}.Release|Any CPU.Build.0 = Release|Any CPU
		{ADD5AF21-A432-4B22-BA2A-479AE85F98FC}.Debug|Any CPU.ActiveCfg = Debug|Any CPU
		{ADD5AF21-A432-4B22-BA2A-479AE85F98FC}.Debug|Any CPU.Build.0 = Debug|Any CPU
		{ADD5AF21-A432-4B22-BA2A-479AE85F98FC}.Release|Any CPU.ActiveCfg = Debug|Any CPU
		{ADD5AF21-A432-4B22-BA2A-479AE85F98FC}.Release|Any CPU.Build.0 = Debug|Any CPU
		{FE5900BF-D8C1-4BAA-9B3F-A00ADD8FE791}.Debug|Any CPU.ActiveCfg = Debug|Any CPU
		{FE5900BF-D8C1-4BAA-9B3F-A00ADD8FE791}.Debug|Any CPU.Build.0 = Debug|Any CPU
		{FE5900BF-D8C1-4BAA-9B3F-A00ADD8FE791}.Release|Any CPU.ActiveCfg = Release|Any CPU
		{FE5900BF-D8C1-4BAA-9B3F-A00ADD8FE791}.Release|Any CPU.Build.0 = Release|Any CPU
		{70C11C57-0DDD-4BDE-900C-7FF7212FAE66}.Debug|Any CPU.ActiveCfg = Debug|Any CPU
		{70C11C57-0DDD-4BDE-900C-7FF7212FAE66}.Debug|Any CPU.Build.0 = Debug|Any CPU
		{70C11C57-0DDD-4BDE-900C-7FF7212FAE66}.Release|Any CPU.ActiveCfg = Release|Any CPU
		{70C11C57-0DDD-4BDE-900C-7FF7212FAE66}.Release|Any CPU.Build.0 = Release|Any CPU
		{3BFFC0F0-EE45-49D0-9816-AAA9924278F5}.Debug|Any CPU.ActiveCfg = Debug|Any CPU
		{3BFFC0F0-EE45-49D0-9816-AAA9924278F5}.Debug|Any CPU.Build.0 = Debug|Any CPU
		{3BFFC0F0-EE45-49D0-9816-AAA9924278F5}.Release|Any CPU.ActiveCfg = Release|Any CPU
		{3BFFC0F0-EE45-49D0-9816-AAA9924278F5}.Release|Any CPU.Build.0 = Release|Any CPU
	EndGlobalSection
EndGlobal
